// !$*UTF8*$!
{
	archiveVersion = 1;
	classes = {
	};
	objectVersion = 46;
	objects = {

/* Begin PBXBuildFile section */
		0AA0E9411ADA85CB00257146 /* DBHelper.swift in Sources */ = {isa = PBXBuildFile; fileRef = 0AA0E9401ADA85CB00257146 /* DBHelper.swift */; };
		0ABEE89C1ADC8ED80035013D /* FMDatabase.m in Sources */ = {isa = PBXBuildFile; fileRef = 0ABEE8921ADC8ED80035013D /* FMDatabase.m */; };
		0ABEE89D1ADC8ED80035013D /* FMDatabaseAdditions.m in Sources */ = {isa = PBXBuildFile; fileRef = 0ABEE8941ADC8ED80035013D /* FMDatabaseAdditions.m */; };
		0ABEE89E1ADC8ED80035013D /* FMDatabasePool.m in Sources */ = {isa = PBXBuildFile; fileRef = 0ABEE8961ADC8ED80035013D /* FMDatabasePool.m */; };
		0ABEE89F1ADC8ED80035013D /* FMDatabaseQueue.m in Sources */ = {isa = PBXBuildFile; fileRef = 0ABEE8981ADC8ED80035013D /* FMDatabaseQueue.m */; };
		0ABEE8A01ADC8ED80035013D /* FMResultSet.m in Sources */ = {isa = PBXBuildFile; fileRef = 0ABEE89B1ADC8ED80035013D /* FMResultSet.m */; };
		0ABEE8CB1ADC94C40035013D /* libsqlite3.dylib in Frameworks */ = {isa = PBXBuildFile; fileRef = 0ABEE8CA1ADC94C40035013D /* libsqlite3.dylib */; };
		0ACA40F11AD9A7D800F9111D /* AppDelegate.swift in Sources */ = {isa = PBXBuildFile; fileRef = 0ACA40F01AD9A7D800F9111D /* AppDelegate.swift */; };
		0ACA40F31AD9A7D800F9111D /* MasterViewController.swift in Sources */ = {isa = PBXBuildFile; fileRef = 0ACA40F21AD9A7D800F9111D /* MasterViewController.swift */; };
		0ACA40F51AD9A7D800F9111D /* DetailViewController.swift in Sources */ = {isa = PBXBuildFile; fileRef = 0ACA40F41AD9A7D800F9111D /* DetailViewController.swift */; };
		0ACA40F81AD9A7D800F9111D /* Main.storyboard in Resources */ = {isa = PBXBuildFile; fileRef = 0ACA40F61AD9A7D800F9111D /* Main.storyboard */; };
		0ACA40FA1AD9A7D800F9111D /* Images.xcassets in Resources */ = {isa = PBXBuildFile; fileRef = 0ACA40F91AD9A7D800F9111D /* Images.xcassets */; };
		0ACA40FD1AD9A7D800F9111D /* LaunchScreen.xib in Resources */ = {isa = PBXBuildFile; fileRef = 0ACA40FB1AD9A7D800F9111D /* LaunchScreen.xib */; };
		0ACA41091AD9A7D800F9111D /* ContactViewerTests.swift in Sources */ = {isa = PBXBuildFile; fileRef = 0ACA41081AD9A7D800F9111D /* ContactViewerTests.swift */; };
		0ACA41131AD9A83500F9111D /* Contact.swift in Sources */ = {isa = PBXBuildFile; fileRef = 0ACA41121AD9A83500F9111D /* Contact.swift */; };
		0ACA41151AD9BDC400F9111D /* EditViewController.swift in Sources */ = {isa = PBXBuildFile; fileRef = 0ACA41141AD9BDC400F9111D /* EditViewController.swift */; };
		0ACA41171AD9BFD000F9111D /* EditViewController.xib in Resources */ = {isa = PBXBuildFile; fileRef = 0ACA41161AD9BFD000F9111D /* EditViewController.xib */; };
/* End PBXBuildFile section */

/* Begin PBXContainerItemProxy section */
		0ABEE8BD1ADC94920035013D /* PBXContainerItemProxy */ = {
			isa = PBXContainerItemProxy;
			containerPortal = 0ACA40E31AD9A7D800F9111D /* Project object */;
			proxyType = 1;
			remoteGlobalIDString = 0ABEE8A51ADC94910035013D;
			remoteInfo = ContactViewer2;
		};
		0ACA41031AD9A7D800F9111D /* PBXContainerItemProxy */ = {
			isa = PBXContainerItemProxy;
			containerPortal = 0ACA40E31AD9A7D800F9111D /* Project object */;
			proxyType = 1;
			remoteGlobalIDString = 0ACA40EA1AD9A7D800F9111D;
			remoteInfo = ContactViewer;
		};
/* End PBXContainerItemProxy section */

/* Begin PBXFileReference section */
		0AA0E9401ADA85CB00257146 /* DBHelper.swift */ = {isa = PBXFileReference; fileEncoding = 4; lastKnownFileType = sourcecode.swift; path = DBHelper.swift; sourceTree = "<group>"; };
		0ABEE8911ADC8ED80035013D /* FMDatabase.h */ = {isa = PBXFileReference; fileEncoding = 4; lastKnownFileType = sourcecode.c.h; path = FMDatabase.h; sourceTree = "<group>"; };
		0ABEE8921ADC8ED80035013D /* FMDatabase.m */ = {isa = PBXFileReference; fileEncoding = 4; lastKnownFileType = sourcecode.c.objc; path = FMDatabase.m; sourceTree = "<group>"; };
		0ABEE8931ADC8ED80035013D /* FMDatabaseAdditions.h */ = {isa = PBXFileReference; fileEncoding = 4; lastKnownFileType = sourcecode.c.h; path = FMDatabaseAdditions.h; sourceTree = "<group>"; };
		0ABEE8941ADC8ED80035013D /* FMDatabaseAdditions.m */ = {isa = PBXFileReference; fileEncoding = 4; lastKnownFileType = sourcecode.c.objc; path = FMDatabaseAdditions.m; sourceTree = "<group>"; };
		0ABEE8951ADC8ED80035013D /* FMDatabasePool.h */ = {isa = PBXFileReference; fileEncoding = 4; lastKnownFileType = sourcecode.c.h; path = FMDatabasePool.h; sourceTree = "<group>"; };
		0ABEE8961ADC8ED80035013D /* FMDatabasePool.m */ = {isa = PBXFileReference; fileEncoding = 4; lastKnownFileType = sourcecode.c.objc; path = FMDatabasePool.m; sourceTree = "<group>"; };
		0ABEE8971ADC8ED80035013D /* FMDatabaseQueue.h */ = {isa = PBXFileReference; fileEncoding = 4; lastKnownFileType = sourcecode.c.h; path = FMDatabaseQueue.h; sourceTree = "<group>"; };
		0ABEE8981ADC8ED80035013D /* FMDatabaseQueue.m */ = {isa = PBXFileReference; fileEncoding = 4; lastKnownFileType = sourcecode.c.objc; path = FMDatabaseQueue.m; sourceTree = "<group>"; };
		0ABEE8991ADC8ED80035013D /* FMDB.h */ = {isa = PBXFileReference; fileEncoding = 4; lastKnownFileType = sourcecode.c.h; path = FMDB.h; sourceTree = "<group>"; };
		0ABEE89A1ADC8ED80035013D /* FMResultSet.h */ = {isa = PBXFileReference; fileEncoding = 4; lastKnownFileType = sourcecode.c.h; path = FMResultSet.h; sourceTree = "<group>"; };
		0ABEE89B1ADC8ED80035013D /* FMResultSet.m */ = {isa = PBXFileReference; fileEncoding = 4; lastKnownFileType = sourcecode.c.objc; path = FMResultSet.m; sourceTree = "<group>"; };
		0ABEE8A11ADC8F4F0035013D /* ContactViewer-Bridging-Header.h */ = {isa = PBXFileReference; lastKnownFileType = sourcecode.c.h; path = "ContactViewer-Bridging-Header.h"; sourceTree = "<group>"; };
		0ABEE8A61ADC94910035013D /* ContactViewer2.app */ = {isa = PBXFileReference; explicitFileType = wrapper.application; includeInIndex = 0; path = ContactViewer2.app; sourceTree = BUILT_PRODUCTS_DIR; };
		0ABEE8BC1ADC94920035013D /* ContactViewer2Tests.xctest */ = {isa = PBXFileReference; explicitFileType = wrapper.cfbundle; includeInIndex = 0; path = ContactViewer2Tests.xctest; sourceTree = BUILT_PRODUCTS_DIR; };
		0ABEE8CA1ADC94C40035013D /* libsqlite3.dylib */ = {isa = PBXFileReference; lastKnownFileType = "compiled.mach-o.dylib"; name = libsqlite3.dylib; path = usr/lib/libsqlite3.dylib; sourceTree = SDKROOT; };
		0ACA40EB1AD9A7D800F9111D /* ContactViewer.app */ = {isa = PBXFileReference; explicitFileType = wrapper.application; includeInIndex = 0; path = ContactViewer.app; sourceTree = BUILT_PRODUCTS_DIR; };
		0ACA40EF1AD9A7D800F9111D /* Info.plist */ = {isa = PBXFileReference; lastKnownFileType = text.plist.xml; path = Info.plist; sourceTree = "<group>"; };
		0ACA40F01AD9A7D800F9111D /* AppDelegate.swift */ = {isa = PBXFileReference; lastKnownFileType = sourcecode.swift; path = AppDelegate.swift; sourceTree = "<group>"; };
		0ACA40F21AD9A7D800F9111D /* MasterViewController.swift */ = {isa = PBXFileReference; lastKnownFileType = sourcecode.swift; path = MasterViewController.swift; sourceTree = "<group>"; };
		0ACA40F41AD9A7D800F9111D /* DetailViewController.swift */ = {isa = PBXFileReference; lastKnownFileType = sourcecode.swift; path = DetailViewController.swift; sourceTree = "<group>"; };
		0ACA40F71AD9A7D800F9111D /* Base */ = {isa = PBXFileReference; lastKnownFileType = file.storyboard; name = Base; path = Base.lproj/Main.storyboard; sourceTree = "<group>"; };
		0ACA40F91AD9A7D800F9111D /* Images.xcassets */ = {isa = PBXFileReference; lastKnownFileType = folder.assetcatalog; path = Images.xcassets; sourceTree = "<group>"; };
		0ACA40FC1AD9A7D800F9111D /* Base */ = {isa = PBXFileReference; lastKnownFileType = file.xib; name = Base; path = Base.lproj/LaunchScreen.xib; sourceTree = "<group>"; };
		0ACA41021AD9A7D800F9111D /* ContactViewerTests.xctest */ = {isa = PBXFileReference; explicitFileType = wrapper.cfbundle; includeInIndex = 0; path = ContactViewerTests.xctest; sourceTree = BUILT_PRODUCTS_DIR; };
		0ACA41071AD9A7D800F9111D /* Info.plist */ = {isa = PBXFileReference; lastKnownFileType = text.plist.xml; path = Info.plist; sourceTree = "<group>"; };
		0ACA41081AD9A7D800F9111D /* ContactViewerTests.swift */ = {isa = PBXFileReference; lastKnownFileType = sourcecode.swift; path = ContactViewerTests.swift; sourceTree = "<group>"; };
		0ACA41121AD9A83500F9111D /* Contact.swift */ = {isa = PBXFileReference; fileEncoding = 4; lastKnownFileType = sourcecode.swift; path = Contact.swift; sourceTree = "<group>"; };
		0ACA41141AD9BDC400F9111D /* EditViewController.swift */ = {isa = PBXFileReference; fileEncoding = 4; lastKnownFileType = sourcecode.swift; path = EditViewController.swift; sourceTree = "<group>"; };
		0ACA41161AD9BFD000F9111D /* EditViewController.xib */ = {isa = PBXFileReference; fileEncoding = 4; lastKnownFileType = file.xib; path = EditViewController.xib; sourceTree = "<group>"; };
/* End PBXFileReference section */

/* Begin PBXFrameworksBuildPhase section */
		0ABEE8A31ADC94910035013D /* Frameworks */ = {
			isa = PBXFrameworksBuildPhase;
			buildActionMask = 2147483647;
			files = (
			);
			runOnlyForDeploymentPostprocessing = 0;
		};
		0ABEE8B91ADC94920035013D /* Frameworks */ = {
			isa = PBXFrameworksBuildPhase;
			buildActionMask = 2147483647;
			files = (
			);
			runOnlyForDeploymentPostprocessing = 0;
		};
		0ACA40E81AD9A7D800F9111D /* Frameworks */ = {
			isa = PBXFrameworksBuildPhase;
			buildActionMask = 2147483647;
			files = (
				0ABEE8CB1ADC94C40035013D /* libsqlite3.dylib in Frameworks */,
			);
			runOnlyForDeploymentPostprocessing = 0;
		};
		0ACA40FF1AD9A7D800F9111D /* Frameworks */ = {
			isa = PBXFrameworksBuildPhase;
			buildActionMask = 2147483647;
			files = (
			);
			runOnlyForDeploymentPostprocessing = 0;
		};
/* End PBXFrameworksBuildPhase section */

/* Begin PBXGroup section */
		0ABEE8901ADC8ED80035013D /* fmdb */ = {
			isa = PBXGroup;
			children = (
				0ABEE8911ADC8ED80035013D /* FMDatabase.h */,
				0ABEE8921ADC8ED80035013D /* FMDatabase.m */,
				0ABEE8931ADC8ED80035013D /* FMDatabaseAdditions.h */,
				0ABEE8941ADC8ED80035013D /* FMDatabaseAdditions.m */,
				0ABEE8951ADC8ED80035013D /* FMDatabasePool.h */,
				0ABEE8961ADC8ED80035013D /* FMDatabasePool.m */,
				0ABEE8971ADC8ED80035013D /* FMDatabaseQueue.h */,
				0ABEE8981ADC8ED80035013D /* FMDatabaseQueue.m */,
				0ABEE8991ADC8ED80035013D /* FMDB.h */,
				0ABEE89A1ADC8ED80035013D /* FMResultSet.h */,
				0ABEE89B1ADC8ED80035013D /* FMResultSet.m */,
			);
			name = fmdb;
			path = fmdb/src/fmdb;
			sourceTree = "<group>";
		};
		0ACA40E21AD9A7D800F9111D = {
			isa = PBXGroup;
			children = (
				0ABEE8CA1ADC94C40035013D /* libsqlite3.dylib */,
				0ACA40ED1AD9A7D800F9111D /* ContactViewer */,
				0ACA41051AD9A7D800F9111D /* ContactViewerTests */,
				0ACA40EC1AD9A7D800F9111D /* Products */,
			);
			sourceTree = "<group>";
		};
		0ACA40EC1AD9A7D800F9111D /* Products */ = {
			isa = PBXGroup;
			children = (
				0ACA40EB1AD9A7D800F9111D /* ContactViewer.app */,
				0ACA41021AD9A7D800F9111D /* ContactViewerTests.xctest */,
				0ABEE8A61ADC94910035013D /* ContactViewer2.app */,
				0ABEE8BC1ADC94920035013D /* ContactViewer2Tests.xctest */,
			);
			name = Products;
			sourceTree = "<group>";
		};
		0ACA40ED1AD9A7D800F9111D /* ContactViewer */ = {
			isa = PBXGroup;
			children = (
				0ABEE8901ADC8ED80035013D /* fmdb */,
				0ACA40F01AD9A7D800F9111D /* AppDelegate.swift */,
				0ACA40F21AD9A7D800F9111D /* MasterViewController.swift */,
				0ACA40F41AD9A7D800F9111D /* DetailViewController.swift */,
				0ACA40F61AD9A7D800F9111D /* Main.storyboard */,
				0ACA40F91AD9A7D800F9111D /* Images.xcassets */,
				0ACA40FB1AD9A7D800F9111D /* LaunchScreen.xib */,
				0ACA40EE1AD9A7D800F9111D /* Supporting Files */,
				0ACA41121AD9A83500F9111D /* Contact.swift */,
				0ACA41141AD9BDC400F9111D /* EditViewController.swift */,
				0ACA41161AD9BFD000F9111D /* EditViewController.xib */,
				0AA0E9401ADA85CB00257146 /* DBHelper.swift */,
				0ABEE8A11ADC8F4F0035013D /* ContactViewer-Bridging-Header.h */,
			);
			path = ContactViewer;
			sourceTree = "<group>";
		};
		0ACA40EE1AD9A7D800F9111D /* Supporting Files */ = {
			isa = PBXGroup;
			children = (
				0ACA40EF1AD9A7D800F9111D /* Info.plist */,
			);
			name = "Supporting Files";
			sourceTree = "<group>";
		};
		0ACA41051AD9A7D800F9111D /* ContactViewerTests */ = {
			isa = PBXGroup;
			children = (
				0ACA41081AD9A7D800F9111D /* ContactViewerTests.swift */,
				0ACA41061AD9A7D800F9111D /* Supporting Files */,
			);
			path = ContactViewerTests;
			sourceTree = "<group>";
		};
		0ACA41061AD9A7D800F9111D /* Supporting Files */ = {
			isa = PBXGroup;
			children = (
				0ACA41071AD9A7D800F9111D /* Info.plist */,
			);
			name = "Supporting Files";
			sourceTree = "<group>";
		};
/* End PBXGroup section */

/* Begin PBXNativeTarget section */
		0ABEE8A51ADC94910035013D /* ContactViewer2 */ = {
			isa = PBXNativeTarget;
			buildConfigurationList = 0ABEE8C41ADC94920035013D /* Build configuration list for PBXNativeTarget "ContactViewer2" */;
			buildPhases = (
				0ABEE8A21ADC94910035013D /* Sources */,
				0ABEE8A31ADC94910035013D /* Frameworks */,
				0ABEE8A41ADC94910035013D /* Resources */,
			);
			buildRules = (
			);
			dependencies = (
			);
			name = ContactViewer2;
			productName = ContactViewer2;
			productReference = 0ABEE8A61ADC94910035013D /* ContactViewer2.app */;
			productType = "com.apple.product-type.application";
		};
		0ABEE8BB1ADC94920035013D /* ContactViewer2Tests */ = {
			isa = PBXNativeTarget;
			buildConfigurationList = 0ABEE8C71ADC94920035013D /* Build configuration list for PBXNativeTarget "ContactViewer2Tests" */;
			buildPhases = (
				0ABEE8B81ADC94920035013D /* Sources */,
				0ABEE8B91ADC94920035013D /* Frameworks */,
				0ABEE8BA1ADC94920035013D /* Resources */,
			);
			buildRules = (
			);
			dependencies = (
				0ABEE8BE1ADC94920035013D /* PBXTargetDependency */,
			);
			name = ContactViewer2Tests;
			productName = ContactViewer2Tests;
			productReference = 0ABEE8BC1ADC94920035013D /* ContactViewer2Tests.xctest */;
			productType = "com.apple.product-type.bundle.unit-test";
		};
		0ACA40EA1AD9A7D800F9111D /* ContactViewer */ = {
			isa = PBXNativeTarget;
			buildConfigurationList = 0ACA410C1AD9A7D800F9111D /* Build configuration list for PBXNativeTarget "ContactViewer" */;
			buildPhases = (
				0ACA40E71AD9A7D800F9111D /* Sources */,
				0ACA40E81AD9A7D800F9111D /* Frameworks */,
				0ACA40E91AD9A7D800F9111D /* Resources */,
			);
			buildRules = (
			);
			dependencies = (
			);
			name = ContactViewer;
			productName = ContactViewer;
			productReference = 0ACA40EB1AD9A7D800F9111D /* ContactViewer.app */;
			productType = "com.apple.product-type.application";
		};
		0ACA41011AD9A7D800F9111D /* ContactViewerTests */ = {
			isa = PBXNativeTarget;
			buildConfigurationList = 0ACA410F1AD9A7D800F9111D /* Build configuration list for PBXNativeTarget "ContactViewerTests" */;
			buildPhases = (
				0ACA40FE1AD9A7D800F9111D /* Sources */,
				0ACA40FF1AD9A7D800F9111D /* Frameworks */,
				0ACA41001AD9A7D800F9111D /* Resources */,
			);
			buildRules = (
			);
			dependencies = (
				0ACA41041AD9A7D800F9111D /* PBXTargetDependency */,
			);
			name = ContactViewerTests;
			productName = ContactViewerTests;
			productReference = 0ACA41021AD9A7D800F9111D /* ContactViewerTests.xctest */;
			productType = "com.apple.product-type.bundle.unit-test";
		};
/* End PBXNativeTarget section */

/* Begin PBXProject section */
		0ACA40E31AD9A7D800F9111D /* Project object */ = {
			isa = PBXProject;
			attributes = {
				LastUpgradeCheck = 0630;
				ORGANIZATIONNAME = "Highly Clever Software LLC";
				TargetAttributes = {
					0ABEE8A51ADC94910035013D = {
						CreatedOnToolsVersion = 6.3;
					};
					0ABEE8BB1ADC94920035013D = {
						CreatedOnToolsVersion = 6.3;
						TestTargetID = 0ABEE8A51ADC94910035013D;
					};
					0ACA40EA1AD9A7D800F9111D = {
						CreatedOnToolsVersion = 6.3;
					};
					0ACA41011AD9A7D800F9111D = {
						CreatedOnToolsVersion = 6.3;
						TestTargetID = 0ACA40EA1AD9A7D800F9111D;
					};
				};
			};
			buildConfigurationList = 0ACA40E61AD9A7D800F9111D /* Build configuration list for PBXProject "ContactViewer" */;
			compatibilityVersion = "Xcode 3.2";
			developmentRegion = English;
			hasScannedForEncodings = 0;
			knownRegions = (
				en,
				Base,
			);
			mainGroup = 0ACA40E21AD9A7D800F9111D;
			productRefGroup = 0ACA40EC1AD9A7D800F9111D /* Products */;
			projectDirPath = "";
			projectRoot = "";
			targets = (
				0ACA40EA1AD9A7D800F9111D /* ContactViewer */,
				0ACA41011AD9A7D800F9111D /* ContactViewerTests */,
				0ABEE8A51ADC94910035013D /* ContactViewer2 */,
				0ABEE8BB1ADC94920035013D /* ContactViewer2Tests */,
			);
		};
/* End PBXProject section */

/* Begin PBXResourcesBuildPhase section */
		0ABEE8A41ADC94910035013D /* Resources */ = {
			isa = PBXResourcesBuildPhase;
			buildActionMask = 2147483647;
			files = (
			);
			runOnlyForDeploymentPostprocessing = 0;
		};
		0ABEE8BA1ADC94920035013D /* Resources */ = {
			isa = PBXResourcesBuildPhase;
			buildActionMask = 2147483647;
			files = (
			);
			runOnlyForDeploymentPostprocessing = 0;
		};
		0ACA40E91AD9A7D800F9111D /* Resources */ = {
			isa = PBXResourcesBuildPhase;
			buildActionMask = 2147483647;
			files = (
				0ACA41171AD9BFD000F9111D /* EditViewController.xib in Resources */,
				0ACA40F81AD9A7D800F9111D /* Main.storyboard in Resources */,
				0ACA40FD1AD9A7D800F9111D /* LaunchScreen.xib in Resources */,
				0ACA40FA1AD9A7D800F9111D /* Images.xcassets in Resources */,
			);
			runOnlyForDeploymentPostprocessing = 0;
		};
		0ACA41001AD9A7D800F9111D /* Resources */ = {
			isa = PBXResourcesBuildPhase;
			buildActionMask = 2147483647;
			files = (
			);
			runOnlyForDeploymentPostprocessing = 0;
		};
/* End PBXResourcesBuildPhase section */

/* Begin PBXSourcesBuildPhase section */
		0ABEE8A21ADC94910035013D /* Sources */ = {
			isa = PBXSourcesBuildPhase;
			buildActionMask = 2147483647;
			files = (
			);
			runOnlyForDeploymentPostprocessing = 0;
		};
		0ABEE8B81ADC94920035013D /* Sources */ = {
			isa = PBXSourcesBuildPhase;
			buildActionMask = 2147483647;
			files = (
			);
			runOnlyForDeploymentPostprocessing = 0;
		};
		0ACA40E71AD9A7D800F9111D /* Sources */ = {
			isa = PBXSourcesBuildPhase;
			buildActionMask = 2147483647;
			files = (
				0ACA41151AD9BDC400F9111D /* EditViewController.swift in Sources */,
				0AA0E9411ADA85CB00257146 /* DBHelper.swift in Sources */,
				0ACA41131AD9A83500F9111D /* Contact.swift in Sources */,
				0ABEE89C1ADC8ED80035013D /* FMDatabase.m in Sources */,
				0ABEE89E1ADC8ED80035013D /* FMDatabasePool.m in Sources */,
				0ABEE89F1ADC8ED80035013D /* FMDatabaseQueue.m in Sources */,
				0ACA40F51AD9A7D800F9111D /* DetailViewController.swift in Sources */,
				0ACA40F31AD9A7D800F9111D /* MasterViewController.swift in Sources */,
				0ABEE8A01ADC8ED80035013D /* FMResultSet.m in Sources */,
				0ACA40F11AD9A7D800F9111D /* AppDelegate.swift in Sources */,
				0ABEE89D1ADC8ED80035013D /* FMDatabaseAdditions.m in Sources */,
			);
			runOnlyForDeploymentPostprocessing = 0;
		};
		0ACA40FE1AD9A7D800F9111D /* Sources */ = {
			isa = PBXSourcesBuildPhase;
			buildActionMask = 2147483647;
			files = (
				0ACA41091AD9A7D800F9111D /* ContactViewerTests.swift in Sources */,
			);
			runOnlyForDeploymentPostprocessing = 0;
		};
/* End PBXSourcesBuildPhase section */

/* Begin PBXTargetDependency section */
		0ABEE8BE1ADC94920035013D /* PBXTargetDependency */ = {
			isa = PBXTargetDependency;
			target = 0ABEE8A51ADC94910035013D /* ContactViewer2 */;
			targetProxy = 0ABEE8BD1ADC94920035013D /* PBXContainerItemProxy */;
		};
		0ACA41041AD9A7D800F9111D /* PBXTargetDependency */ = {
			isa = PBXTargetDependency;
			target = 0ACA40EA1AD9A7D800F9111D /* ContactViewer */;
			targetProxy = 0ACA41031AD9A7D800F9111D /* PBXContainerItemProxy */;
		};
/* End PBXTargetDependency section */

/* Begin PBXVariantGroup section */
		0ACA40F61AD9A7D800F9111D /* Main.storyboard */ = {
			isa = PBXVariantGroup;
			children = (
				0ACA40F71AD9A7D800F9111D /* Base */,
			);
			name = Main.storyboard;
			sourceTree = "<group>";
		};
		0ACA40FB1AD9A7D800F9111D /* LaunchScreen.xib */ = {
			isa = PBXVariantGroup;
			children = (
				0ACA40FC1AD9A7D800F9111D /* Base */,
			);
			name = LaunchScreen.xib;
			sourceTree = "<group>";
		};
/* End PBXVariantGroup section */

/* Begin XCBuildConfiguration section */
		0ABEE8C51ADC94920035013D /* Debug */ = {
			isa = XCBuildConfiguration;
			buildSettings = {
				ASSETCATALOG_COMPILER_APPICON_NAME = AppIcon;
				GCC_PREPROCESSOR_DEFINITIONS = (
					"DEBUG=1",
					"$(inherited)",
				);
				INFOPLIST_FILE = ContactViewer2/Info.plist;
				LD_RUNPATH_SEARCH_PATHS = "$(inherited) @executable_path/Frameworks";
				PRODUCT_NAME = "$(TARGET_NAME)";
			};
			name = Debug;
		};
		0ABEE8C61ADC94920035013D /* Release */ = {
			isa = XCBuildConfiguration;
			buildSettings = {
				ASSETCATALOG_COMPILER_APPICON_NAME = AppIcon;
				INFOPLIST_FILE = ContactViewer2/Info.plist;
				LD_RUNPATH_SEARCH_PATHS = "$(inherited) @executable_path/Frameworks";
				PRODUCT_NAME = "$(TARGET_NAME)";
			};
			name = Release;
		};
		0ABEE8C81ADC94920035013D /* Debug */ = {
			isa = XCBuildConfiguration;
			buildSettings = {
				BUNDLE_LOADER = "$(TEST_HOST)";
				FRAMEWORK_SEARCH_PATHS = (
					"$(SDKROOT)/Developer/Library/Frameworks",
					"$(inherited)",
				);
				GCC_PREPROCESSOR_DEFINITIONS = (
					"DEBUG=1",
					"$(inherited)",
				);
				INFOPLIST_FILE = ContactViewer2Tests/Info.plist;
				LD_RUNPATH_SEARCH_PATHS = "$(inherited) @executable_path/Frameworks @loader_path/Frameworks";
				PRODUCT_NAME = "$(TARGET_NAME)";
				TEST_HOST = "$(BUILT_PRODUCTS_DIR)/ContactViewer2.app/ContactViewer2";
			};
			name = Debug;
		};
		0ABEE8C91ADC94920035013D /* Release */ = {
			isa = XCBuildConfiguration;
			buildSettings = {
				BUNDLE_LOADER = "$(TEST_HOST)";
				FRAMEWORK_SEARCH_PATHS = (
					"$(SDKROOT)/Developer/Library/Frameworks",
					"$(inherited)",
				);
				INFOPLIST_FILE = ContactViewer2Tests/Info.plist;
				LD_RUNPATH_SEARCH_PATHS = "$(inherited) @executable_path/Frameworks @loader_path/Frameworks";
				PRODUCT_NAME = "$(TARGET_NAME)";
				TEST_HOST = "$(BUILT_PRODUCTS_DIR)/ContactViewer2.app/ContactViewer2";
			};
			name = Release;
		};
		0ACA410A1AD9A7D800F9111D /* Debug */ = {
			isa = XCBuildConfiguration;
			buildSettings = {
				ALWAYS_SEARCH_USER_PATHS = NO;
				CLANG_CXX_LANGUAGE_STANDARD = "gnu++0x";
				CLANG_CXX_LIBRARY = "libc++";
				CLANG_ENABLE_MODULES = YES;
				CLANG_ENABLE_OBJC_ARC = YES;
				CLANG_WARN_BOOL_CONVERSION = YES;
				CLANG_WARN_CONSTANT_CONVERSION = YES;
				CLANG_WARN_DIRECT_OBJC_ISA_USAGE = YES_ERROR;
				CLANG_WARN_EMPTY_BODY = YES;
				CLANG_WARN_ENUM_CONVERSION = YES;
				CLANG_WARN_INT_CONVERSION = YES;
				CLANG_WARN_OBJC_ROOT_CLASS = YES_ERROR;
				CLANG_WARN_UNREACHABLE_CODE = YES;
				CLANG_WARN__DUPLICATE_METHOD_MATCH = YES;
				"CODE_SIGN_IDENTITY[sdk=iphoneos*]" = "iPhone Developer";
				COPY_PHASE_STRIP = NO;
				DEBUG_INFORMATION_FORMAT = "dwarf-with-dsym";
				ENABLE_STRICT_OBJC_MSGSEND = YES;
				GCC_C_LANGUAGE_STANDARD = gnu99;
				GCC_DYNAMIC_NO_PIC = NO;
				GCC_NO_COMMON_BLOCKS = YES;
				GCC_OPTIMIZATION_LEVEL = 0;
				GCC_PREPROCESSOR_DEFINITIONS = (
					"DEBUG=1",
					"$(inherited)",
				);
				GCC_SYMBOLS_PRIVATE_EXTERN = NO;
				GCC_WARN_64_TO_32_BIT_CONVERSION = YES;
				GCC_WARN_ABOUT_RETURN_TYPE = YES_ERROR;
				GCC_WARN_UNDECLARED_SELECTOR = YES;
				GCC_WARN_UNINITIALIZED_AUTOS = YES_AGGRESSIVE;
				GCC_WARN_UNUSED_FUNCTION = YES;
				GCC_WARN_UNUSED_VARIABLE = YES;
				IPHONEOS_DEPLOYMENT_TARGET = 8.3;
				MTL_ENABLE_DEBUG_INFO = YES;
				ONLY_ACTIVE_ARCH = YES;
				SDKROOT = iphoneos;
				SWIFT_OBJC_BRIDGING_HEADER = "ContactViewer/ContactViewer-Bridging-Header.h";
				SWIFT_OPTIMIZATION_LEVEL = "-Onone";
				TARGETED_DEVICE_FAMILY = "1,2";
			};
			name = Debug;
		};
		0ACA410B1AD9A7D800F9111D /* Release */ = {
			isa = XCBuildConfiguration;
			buildSettings = {
				ALWAYS_SEARCH_USER_PATHS = NO;
				CLANG_CXX_LANGUAGE_STANDARD = "gnu++0x";
				CLANG_CXX_LIBRARY = "libc++";
				CLANG_ENABLE_MODULES = YES;
				CLANG_ENABLE_OBJC_ARC = YES;
				CLANG_WARN_BOOL_CONVERSION = YES;
				CLANG_WARN_CONSTANT_CONVERSION = YES;
				CLANG_WARN_DIRECT_OBJC_ISA_USAGE = YES_ERROR;
				CLANG_WARN_EMPTY_BODY = YES;
				CLANG_WARN_ENUM_CONVERSION = YES;
				CLANG_WARN_INT_CONVERSION = YES;
				CLANG_WARN_OBJC_ROOT_CLASS = YES_ERROR;
				CLANG_WARN_UNREACHABLE_CODE = YES;
				CLANG_WARN__DUPLICATE_METHOD_MATCH = YES;
				"CODE_SIGN_IDENTITY[sdk=iphoneos*]" = "iPhone Developer";
				COPY_PHASE_STRIP = NO;
				DEBUG_INFORMATION_FORMAT = "dwarf-with-dsym";
				ENABLE_NS_ASSERTIONS = NO;
				ENABLE_STRICT_OBJC_MSGSEND = YES;
				GCC_C_LANGUAGE_STANDARD = gnu99;
				GCC_NO_COMMON_BLOCKS = YES;
				GCC_WARN_64_TO_32_BIT_CONVERSION = YES;
				GCC_WARN_ABOUT_RETURN_TYPE = YES_ERROR;
				GCC_WARN_UNDECLARED_SELECTOR = YES;
				GCC_WARN_UNINITIALIZED_AUTOS = YES_AGGRESSIVE;
				GCC_WARN_UNUSED_FUNCTION = YES;
				GCC_WARN_UNUSED_VARIABLE = YES;
				IPHONEOS_DEPLOYMENT_TARGET = 8.3;
				MTL_ENABLE_DEBUG_INFO = NO;
				SDKROOT = iphoneos;
				SWIFT_OBJC_BRIDGING_HEADER = "ContactViewer/ContactViewer-Bridging-Header.h";
				TARGETED_DEVICE_FAMILY = "1,2";
				VALIDATE_PRODUCT = YES;
			};
			name = Release;
		};
		0ACA410D1AD9A7D800F9111D /* Debug */ = {
			isa = XCBuildConfiguration;
			buildSettings = {
				ASSETCATALOG_COMPILER_APPICON_NAME = AppIcon;
				INFOPLIST_FILE = ContactViewer/Info.plist;
				LD_RUNPATH_SEARCH_PATHS = "$(inherited) @executable_path/Frameworks";
				PRODUCT_NAME = "$(TARGET_NAME)";
			};
			name = Debug;
		};
		0ACA410E1AD9A7D800F9111D /* Release */ = {
			isa = XCBuildConfiguration;
			buildSettings = {
				ASSETCATALOG_COMPILER_APPICON_NAME = AppIcon;
				INFOPLIST_FILE = ContactViewer/Info.plist;
				LD_RUNPATH_SEARCH_PATHS = "$(inherited) @executable_path/Frameworks";
				PRODUCT_NAME = "$(TARGET_NAME)";
			};
			name = Release;
		};
		0ACA41101AD9A7D800F9111D /* Debug */ = {
			isa = XCBuildConfiguration;
			buildSettings = {
				BUNDLE_LOADER = "$(TEST_HOST)";
				FRAMEWORK_SEARCH_PATHS = (
					"$(SDKROOT)/Developer/Library/Frameworks",
					"$(inherited)",
				);
				GCC_PREPROCESSOR_DEFINITIONS = (
					"DEBUG=1",
					"$(inherited)",
				);
				INFOPLIST_FILE = ContactViewerTests/Info.plist;
				LD_RUNPATH_SEARCH_PATHS = "$(inherited) @executable_path/Frameworks @loader_path/Frameworks";
				PRODUCT_NAME = "$(TARGET_NAME)";
				TEST_HOST = "$(BUILT_PRODUCTS_DIR)/ContactViewer.app/ContactViewer";
			};
			name = Debug;
		};
		0ACA41111AD9A7D800F9111D /* Release */ = {
			isa = XCBuildConfiguration;
			buildSettings = {
				BUNDLE_LOADER = "$(TEST_HOST)";
				FRAMEWORK_SEARCH_PATHS = (
					"$(SDKROOT)/Developer/Library/Frameworks",
					"$(inherited)",
				);
				INFOPLIST_FILE = ContactViewerTests/Info.plist;
				LD_RUNPATH_SEARCH_PATHS = "$(inherited) @executable_path/Frameworks @loader_path/Frameworks";
				PRODUCT_NAME = "$(TARGET_NAME)";
				TEST_HOST = "$(BUILT_PRODUCTS_DIR)/ContactViewer.app/ContactViewer";
			};
			name = Release;
		};
/* End XCBuildConfiguration section */

/* Begin XCConfigurationList section */
		0ABEE8C41ADC94920035013D /* Build configuration list for PBXNativeTarget "ContactViewer2" */ = {
			isa = XCConfigurationList;
			buildConfigurations = (
				0ABEE8C51ADC94920035013D /* Debug */,
				0ABEE8C61ADC94920035013D /* Release */,
			);
			defaultConfigurationIsVisible = 0;
		};
		0ABEE8C71ADC94920035013D /* Build configuration list for PBXNativeTarget "ContactViewer2Tests" */ = {
			isa = XCConfigurationList;
			buildConfigurations = (
				0ABEE8C81ADC94920035013D /* Debug */,
				0ABEE8C91ADC94920035013D /* Release */,
			);
			defaultConfigurationIsVisible = 0;
		};
		0ACA40E61AD9A7D800F9111D /* Build configuration list for PBXProject "ContactViewer" */ = {
			isa = XCConfigurationList;
			buildConfigurations = (
				0ACA410A1AD9A7D800F9111D /* Debug */,
				0ACA410B1AD9A7D800F9111D /* Release */,
			);
			defaultConfigurationIsVisible = 0;
			defaultConfigurationName = Release;
		};
		0ACA410C1AD9A7D800F9111D /* Build configuration list for PBXNativeTarget "ContactViewer" */ = {
			isa = XCConfigurationList;
			buildConfigurations = (
				0ACA410D1AD9A7D800F9111D /* Debug */,
				0ACA410E1AD9A7D800F9111D /* Release */,
			);
			defaultConfigurationIsVisible = 0;
			defaultConfigurationName = Release;
		};
		0ACA410F1AD9A7D800F9111D /* Build configuration list for PBXNativeTarget "ContactViewerTests" */ = {
			isa = XCConfigurationList;
			buildConfigurations = (
				0ACA41101AD9A7D800F9111D /* Debug */,
				0ACA41111AD9A7D800F9111D /* Release */,
			);
			defaultConfigurationIsVisible = 0;
			defaultConfigurationName = Release;
		};
/* End XCConfigurationList section */
	};
	rootObject = 0ACA40E31AD9A7D800F9111D /* Project object */;
}
